
Microsoft Visual Studio Solution File, Format Version 12.00
# Visual Studio 15
Project("{FAE04EC0-301F-11D3-BF4B-00C04F79EFBC}") = "MvcMovie", "MvcMovie\MvcMovie.csproj", "{E3730A29-5B29-47DF-A1B0-779B3E90375D}"
EndProject
Global
	GlobalSection(SolutionConfigurationPlatforms) = preSolution
		Debug|Any CPU = Debug|Any CPU
		Release|Any CPU = Release|Any CPU
	EndGlobalSection
	GlobalSection(ProjectConfigurationPlatforms) = postSolution
		{E3730A29-5B29-47DF-A1B0-779B3E90375D}.Debug|Any CPU.ActiveCfg = Debug|Any CPU
		{E3730A29-5B29-47DF-A1B0-779B3E90375D}.Debug|Any CPU.Build.0 = Debug|Any CPU
		{E3730A29-5B29-47DF-A1B0-779B3E90375D}.Release|Any CPU.ActiveCfg = Release|Any CPU
		{E3730A29-5B29-47DF-A1B0-779B3E90375D}.Release|Any CPU.Build.0 = Release|Any CPU
	EndGlobalSection
EndGlobal
